lockfileVersion: '9.0'

settings:
  autoInstallPeers: true
  excludeLinksFromLockfile: false

importers:

  .:
    dependencies:
      '@redocly/cli':
        specifier: 2.39.0
        version: 2.39.0

packages:

  '@redocly/cli@2.39.0':
    resolution: {integrity: sha512-xA0Z9YMEhlzbpn/BVErlE2UzuKfahp9llBwEnVtAYuhWdF8UCIm+cgYX8f/gHQIJ/TKwB93awAewTOgEsbZFZw==}
    engines: {node: '>=22.12.0 || >=20.19.0 <21.0.0', npm: '>=10'}
    hasBin: true

snapshots:

  '@redocly/cli@2.39.0': {}
