lockfileVersion: '9.0'

settings:
  autoInstallPeers: true
  excludeLinksFromLockfile: false

importers:

  .:
    dependencies:
      '@redocly/cli':
        specifier: 2.35.1
        version: 2.35.1

packages:

  '@redocly/cli@2.35.1':
    resolution: {integrity: sha512-8XcUIR6bCI4KmVg6RJyzL3peZhld/tu7oO8WGVaHp43byhcds6ProHlfqEFa+dZA+qA+dUMebgRELVOe5AW4Lg==}
    engines: {node: '>=22.12.0 || >=20.19.0 <21.0.0', npm: '>=10'}
    hasBin: true

snapshots:

  '@redocly/cli@2.35.1': {}
