lockfileVersion: '9.0'

settings:
  autoInstallPeers: true
  excludeLinksFromLockfile: false

importers:

  .:
    dependencies:
      '@redocly/cli':
        specifier: 2.40.0
        version: 2.40.0

packages:

  '@redocly/cli@2.40.0':
    resolution: {integrity: sha512-1uQ4GeNjhApy9EtypZgp70ZN5GC2JFfst3UkNEXSqkXgVIPGdEAnlz5Xwgax/4cEUGOvaZoM3X25iSQcqbplFg==}
    engines: {node: '>=22.12.0 || >=20.19.0 <21.0.0', npm: '>=10'}
    hasBin: true

snapshots:

  '@redocly/cli@2.40.0': {}
